
Microsoft Visual Studio Solution File, Format Version 12.00
# Visual Studio Version 17
VisualStudioVersion = 17.9.34714.143
MinimumVisualStudioVersion = 10.0.40219.1
Project("{FAE04EC0-301F-11D3-BF4B-00C04F79EFBC}") = "JsonTransformer", "JsonTransformer.csproj", "{D37A6CD7-677F-4E26-9D66-F4C99095DC9C}"
EndProject
Global
	GlobalSection(SolutionConfigurationPlatforms) = preSolution
		Debug|Any CPU = Debug|Any CPU
		Release|Any CPU = Release|Any CPU
	EndGlobalSection
	GlobalSection(ProjectConfigurationPlatforms) = postSolution
		{D37A6CD7-677F-4E26-9D66-F4C99095DC9C}.Debug|Any CPU.ActiveCfg = Debug|Any CPU
		{D37A6CD7-677F-4E26-9D66-F4C99095DC9C}.Debug|Any CPU.Build.0 = Debug|Any CPU
		{D37A6CD7-677F-4E26-9D66-F4C99095DC9C}.Release|Any CPU.ActiveCfg = Release|Any CPU
		{D37A6CD7-677F-4E26-9D66-F4C99095DC9C}.Release|Any CPU.Build.0 = Release|Any CPU
	EndGlobalSection
	GlobalSection(SolutionProperties) = preSolution
		HideSolutionNode = FALSE
	EndGlobalSection
	GlobalSection(ExtensibilityGlobals) = postSolution
		SolutionGuid = {5129C872-7728-49CC-84BF-0D2326C8F48C}
	EndGlobalSection
EndGlobal
