
Microsoft Visual Studio Solution File, Format Version 12.00
# Visual Studio Version 17
VisualStudioVersion = 17.9.34714.143
MinimumVisualStudioVersion = 10.0.40219.1
Project("{FAE04EC0-301F-11D3-BF4B-00C04F79EFBC}") = "RestJsonProvider", "RestJsonProvider.csproj", "{2A4BFE6E-1260-4865-B181-520FD1DD2690}"
EndProject
Global
	GlobalSection(SolutionConfigurationPlatforms) = preSolution
		Debug|Any CPU = Debug|Any CPU
		Release|Any CPU = Release|Any CPU
	EndGlobalSection
	GlobalSection(ProjectConfigurationPlatforms) = postSolution
		{2A4BFE6E-1260-4865-B181-520FD1DD2690}.Debug|Any CPU.ActiveCfg = Debug|Any CPU
		{2A4BFE6E-1260-4865-B181-520FD1DD2690}.Debug|Any CPU.Build.0 = Debug|Any CPU
		{2A4BFE6E-1260-4865-B181-520FD1DD2690}.Release|Any CPU.ActiveCfg = Release|Any CPU
		{2A4BFE6E-1260-4865-B181-520FD1DD2690}.Release|Any CPU.Build.0 = Release|Any CPU
	EndGlobalSection
	GlobalSection(SolutionProperties) = preSolution
		HideSolutionNode = FALSE
	EndGlobalSection
	GlobalSection(ExtensibilityGlobals) = postSolution
		SolutionGuid = {A72A1A2F-E227-4229-85BE-10D61D0965B4}
	EndGlobalSection
EndGlobal
